
Microsoft Visual Studio Solution File, Format Version 12.00
# Visual Studio Version 16
VisualStudioVersion = 16.0.31205.134
MinimumVisualStudioVersion = 10.0.40219.1
Project("{FAE04EC0-301F-11D3-BF4B-00C04F79EFBC}") = "WebApplication1", "WebApplication1\WebApplication1.csproj", "{2EDD7E5D-4BB8-4A48-8018-E9967CAD546F}"
EndProject
Global
	GlobalSection(SolutionConfigurationPlatforms) = preSolution
		Debug|Any CPU = Debug|Any CPU
		Release|Any CPU = Release|Any CPU
	EndGlobalSection
	GlobalSection(ProjectConfigurationPlatforms) = postSolution
		{2EDD7E5D-4BB8-4A48-8018-E9967CAD546F}.Debug|Any CPU.ActiveCfg = Debug|Any CPU
		{2EDD7E5D-4BB8-4A48-8018-E9967CAD546F}.Debug|Any CPU.Build.0 = Debug|Any CPU
		{2EDD7E5D-4BB8-4A48-8018-E9967CAD546F}.Release|Any CPU.ActiveCfg = Release|Any CPU
		{2EDD7E5D-4BB8-4A48-8018-E9967CAD546F}.Release|Any CPU.Build.0 = Release|Any CPU
	EndGlobalSection
	GlobalSection(SolutionProperties) = preSolution
		HideSolutionNode = FALSE
	EndGlobalSection
	GlobalSection(ExtensibilityGlobals) = postSolution
		SolutionGuid = {4527A6DF-4E57-41CC-8064-4A632865DE9C}
	EndGlobalSection
EndGlobal
